
Microsoft Visual Studio Solution File, Format Version 12.00
Project("{FAE04EC0-301F-11D3-BF4B-00C04F79EFBC}") = "retrospectives-api", "retrospectives-api\retrospectives-api.csproj", "{02DA5087-F18D-4EF9-864E-C6CD13200D67}"
EndProject
Project("{FAE04EC0-301F-11D3-BF4B-00C04F79EFBC}") = "retrospectives-api-unit-tests", "retrospectives-api-unit-tests\retrospectives-api-unit-tests.csproj", "{5CE3C159-A742-4ECF-AAD2-0E4AB23FFABA}"
EndProject
Global
	GlobalSection(SolutionConfigurationPlatforms) = preSolution
		Debug|Any CPU = Debug|Any CPU
		Release|Any CPU = Release|Any CPU
	EndGlobalSection
	GlobalSection(ProjectConfigurationPlatforms) = postSolution
		{02DA5087-F18D-4EF9-864E-C6CD13200D67}.Debug|Any CPU.ActiveCfg = Debug|Any CPU
		{02DA5087-F18D-4EF9-864E-C6CD13200D67}.Debug|Any CPU.Build.0 = Debug|Any CPU
		{02DA5087-F18D-4EF9-864E-C6CD13200D67}.Release|Any CPU.ActiveCfg = Release|Any CPU
		{02DA5087-F18D-4EF9-864E-C6CD13200D67}.Release|Any CPU.Build.0 = Release|Any CPU
		{5CE3C159-A742-4ECF-AAD2-0E4AB23FFABA}.Debug|Any CPU.ActiveCfg = Debug|Any CPU
		{5CE3C159-A742-4ECF-AAD2-0E4AB23FFABA}.Debug|Any CPU.Build.0 = Debug|Any CPU
		{5CE3C159-A742-4ECF-AAD2-0E4AB23FFABA}.Release|Any CPU.ActiveCfg = Release|Any CPU
		{5CE3C159-A742-4ECF-AAD2-0E4AB23FFABA}.Release|Any CPU.Build.0 = Release|Any CPU
	EndGlobalSection
EndGlobal
